// !$*UTF8*$!
{
	archiveVersion = 1;
	classes = {
	};
	objectVersion = 50;
	objects = {

/* Begin PBXBuildFile section */
		570A076D23648E6200A9C26C /* SMTCPApplication.m in Sources */ = {isa = PBXBuildFile; fileRef = 570A076C23648E6200A9C26C /* SMTCPApplication.m */; };
		573B23D723647C6400F3C3A0 /* main.m in Sources */ = {isa = PBXBuildFile; fileRef = 573B23D623647C6400F3C3A0 /* main.m */; };
		573B23DF23647D0300F3C3A0 /* SMTCPServer.m in Sources */ = {isa = PBXBuildFile; fileRef = 573B23DE23647D0300F3C3A0 /* SMTCPServer.m */; };
		5765D2C12362C3890011881A /* AppDelegate.swift in Sources */ = {isa = PBXBuildFile; fileRef = 5765D2C02362C3890011881A /* AppDelegate.swift */; };
		5765D2C52362C3890011881A /* MainController.swift in Sources */ = {isa = PBXBuildFile; fileRef = 5765D2C42362C3890011881A /* MainController.swift */; };
		5765D2CA2362C38D0011881A /* Assets.xcassets in Resources */ = {isa = PBXBuildFile; fileRef = 5765D2C92362C38D0011881A /* Assets.xcassets */; };
		5765D2CD2362C38D0011881A /* LaunchScreen.storyboard in Resources */ = {isa = PBXBuildFile; fileRef = 5765D2CB2362C38D0011881A /* LaunchScreen.storyboard */; };
		5765D2D62362C6540011881A /* MainController.xib in Resources */ = {isa = PBXBuildFile; fileRef = 5765D2D52362C6540011881A /* MainController.xib */; };
		5765D2D92362C7970011881A /* SocketStream.swift in Sources */ = {isa = PBXBuildFile; fileRef = 5765D2D82362C7970011881A /* SocketStream.swift */; };
		57C724DA2365812D00DD1BB0 /* SMTCPSocketStreams.m in Sources */ = {isa = PBXBuildFile; fileRef = 57C724D92365812D00DD1BB0 /* SMTCPSocketStreams.m */; };
		57C724DE2365998200DD1BB0 /* SMTCPMulticastDelegate.m in Sources */ = {isa = PBXBuildFile; fileRef = 57C724DD2365998200DD1BB0 /* SMTCPMulticastDelegate.m */; };
		57C724E32366A5CA00DD1BB0 /* MessageCell.swift in Sources */ = {isa = PBXBuildFile; fileRef = 57C724E12366A5CA00DD1BB0 /* MessageCell.swift */; };
		57C724E42366A5CA00DD1BB0 /* MessageCell.xib in Resources */ = {isa = PBXBuildFile; fileRef = 57C724E22366A5CA00DD1BB0 /* MessageCell.xib */; };
/* End PBXBuildFile section */

/* Begin PBXCopyFilesBuildPhase section */
		573B23D223647C6400F3C3A0 /* CopyFiles */ = {
			isa = PBXCopyFilesBuildPhase;
			buildActionMask = 2147483647;
			dstPath = /usr/share/man/man1/;
			dstSubfolderSpec = 0;
			files = (
			);
			runOnlyForDeploymentPostprocessing = 1;
		};
/* End PBXCopyFilesBuildPhase section */

/* Begin PBXFileReference section */
		570A076B23648E0200A9C26C /* SMTCPApplication.h */ = {isa = PBXFileReference; lastKnownFileType = sourcecode.c.h; path = SMTCPApplication.h; sourceTree = "<group>"; };
		570A076C23648E6200A9C26C /* SMTCPApplication.m */ = {isa = PBXFileReference; lastKnownFileType = sourcecode.c.objc; path = SMTCPApplication.m; sourceTree = "<group>"; };
		573B23D423647C6400F3C3A0 /* SocketMessageServer */ = {isa = PBXFileReference; explicitFileType = "compiled.mach-o.executable"; includeInIndex = 0; path = SocketMessageServer; sourceTree = BUILT_PRODUCTS_DIR; };
		573B23D623647C6400F3C3A0 /* main.m */ = {isa = PBXFileReference; lastKnownFileType = sourcecode.c.objc; path = main.m; sourceTree = "<group>"; };
		573B23DE23647D0300F3C3A0 /* SMTCPServer.m */ = {isa = PBXFileReference; lastKnownFileType = sourcecode.c.objc; path = SMTCPServer.m; sourceTree = "<group>"; };
		573B23E123647D3600F3C3A0 /* SMTCPServer.h */ = {isa = PBXFileReference; lastKnownFileType = sourcecode.c.h; path = SMTCPServer.h; sourceTree = "<group>"; };
		5765D2BD2362C3890011881A /* SocketMessageClient.app */ = {isa = PBXFileReference; explicitFileType = wrapper.application; includeInIndex = 0; path = SocketMessageClient.app; sourceTree = BUILT_PRODUCTS_DIR; };
		5765D2C02362C3890011881A /* AppDelegate.swift */ = {isa = PBXFileReference; lastKnownFileType = sourcecode.swift; path = AppDelegate.swift; sourceTree = "<group>"; };
		5765D2C42362C3890011881A /* MainController.swift */ = {isa = PBXFileReference; lastKnownFileType = sourcecode.swift; path = MainController.swift; sourceTree = "<group>"; };
		5765D2C92362C38D0011881A /* Assets.xcassets */ = {isa = PBXFileReference; lastKnownFileType = folder.assetcatalog; path = Assets.xcassets; sourceTree = "<group>"; };
		5765D2CC2362C38D0011881A /* Base */ = {isa = PBXFileReference; lastKnownFileType = file.storyboard; name = Base; path = Base.lproj/LaunchScreen.storyboard; sourceTree = "<group>"; };
		5765D2CE2362C38D0011881A /* Info.plist */ = {isa = PBXFileReference; lastKnownFileType = text.plist.xml; path = Info.plist; sourceTree = "<group>"; };
		5765D2D52362C6540011881A /* MainController.xib */ = {isa = PBXFileReference; lastKnownFileType = file.xib; path = MainController.xib; sourceTree = "<group>"; };
		5765D2D82362C7970011881A /* SocketStream.swift */ = {isa = PBXFileReference; lastKnownFileType = sourcecode.swift; path = SocketStream.swift; sourceTree = "<group>"; };
		57C724D82365812100DD1BB0 /* SMTCPSocketStreams.h */ = {isa = PBXFileReference; lastKnownFileType = sourcecode.c.h; path = SMTCPSocketStreams.h; sourceTree = "<group>"; };
		57C724D92365812D00DD1BB0 /* SMTCPSocketStreams.m */ = {isa = PBXFileReference; lastKnownFileType = sourcecode.c.objc; path = SMTCPSocketStreams.m; sourceTree = "<group>"; };
		57C724DC2365996F00DD1BB0 /* SMTCPMulticastDelegate.h */ = {isa = PBXFileReference; lastKnownFileType = sourcecode.c.h; path = SMTCPMulticastDelegate.h; sourceTree = "<group>"; };
		57C724DD2365998200DD1BB0 /* SMTCPMulticastDelegate.m */ = {isa = PBXFileReference; lastKnownFileType = sourcecode.c.objc; path = SMTCPMulticastDelegate.m; sourceTree = "<group>"; };
		57C724E12366A5CA00DD1BB0 /* MessageCell.swift */ = {isa = PBXFileReference; lastKnownFileType = sourcecode.swift; path = MessageCell.swift; sourceTree = "<group>"; };
		57C724E22366A5CA00DD1BB0 /* MessageCell.xib */ = {isa = PBXFileReference; lastKnownFileType = file.xib; path = MessageCell.xib; sourceTree = "<group>"; };
/* End PBXFileReference section */

/* Begin PBXFrameworksBuildPhase section */
		573B23D123647C6400F3C3A0 /* Frameworks */ = {
			isa = PBXFrameworksBuildPhase;
			buildActionMask = 2147483647;
			files = (
			);
			runOnlyForDeploymentPostprocessing = 0;
		};
		5765D2BA2362C3890011881A /* Frameworks */ = {
			isa = PBXFrameworksBuildPhase;
			buildActionMask = 2147483647;
			files = (
			);
			runOnlyForDeploymentPostprocessing = 0;
		};
/* End PBXFrameworksBuildPhase section */

/* Begin PBXGroup section */
		570A076A23648CAD00A9C26C /* ServerApplication */ = {
			isa = PBXGroup;
			children = (
				570A076B23648E0200A9C26C /* SMTCPApplication.h */,
				570A076C23648E6200A9C26C /* SMTCPApplication.m */,
			);
			path = ServerApplication;
			sourceTree = "<group>";
		};
		573B23D523647C6400F3C3A0 /* SocketMessageServer */ = {
			isa = PBXGroup;
			children = (
				57C724DB2365993B00DD1BB0 /* MulticastDelegate */,
				57C724D72365810C00DD1BB0 /* SocketHandler */,
				570A076A23648CAD00A9C26C /* ServerApplication */,
				573B23E023647D0600F3C3A0 /* SocketServer */,
				573B23D623647C6400F3C3A0 /* main.m */,
			);
			path = SocketMessageServer;
			sourceTree = "<group>";
		};
		573B23E023647D0600F3C3A0 /* SocketServer */ = {
			isa = PBXGroup;
			children = (
				573B23E123647D3600F3C3A0 /* SMTCPServer.h */,
				573B23DE23647D0300F3C3A0 /* SMTCPServer.m */,
			);
			path = SocketServer;
			sourceTree = "<group>";
		};
		5765D2B42362C3890011881A = {
			isa = PBXGroup;
			children = (
				5765D2BF2362C3890011881A /* SocketMessageClient */,
				573B23D523647C6400F3C3A0 /* SocketMessageServer */,
				5765D2BE2362C3890011881A /* Products */,
			);
			sourceTree = "<group>";
		};
		5765D2BE2362C3890011881A /* Products */ = {
			isa = PBXGroup;
			children = (
				5765D2BD2362C3890011881A /* SocketMessageClient.app */,
				573B23D423647C6400F3C3A0 /* SocketMessageServer */,
			);
			name = Products;
			sourceTree = "<group>";
		};
		5765D2BF2362C3890011881A /* SocketMessageClient */ = {
			isa = PBXGroup;
			children = (
				5765D2D72362C73A0011881A /* Service */,
				5765D2D42362C6430011881A /* Controllers */,
				5765D2C02362C3890011881A /* AppDelegate.swift */,
				5765D2C92362C38D0011881A /* Assets.xcassets */,
				5765D2CB2362C38D0011881A /* LaunchScreen.storyboard */,
				5765D2CE2362C38D0011881A /* Info.plist */,
			);
			path = SocketMessageClient;
			sourceTree = "<group>";
		};
		5765D2D42362C6430011881A /* Controllers */ = {
			isa = PBXGroup;
			children = (
				57C724DF2366A5A700DD1BB0 /* Cells */,
				5765D2C42362C3890011881A /* MainController.swift */,
				5765D2D52362C6540011881A /* MainController.xib */,
			);
			path = Controllers;
			sourceTree = "<group>";
		};
		5765D2D72362C73A0011881A /* Service */ = {
			isa = PBXGroup;
			children = (
				5765D2DB2362D2580011881A /* Network */,
			);
			path = Service;
			sourceTree = "<group>";
		};
		5765D2DB2362D2580011881A /* Network */ = {
			isa = PBXGroup;
			children = (
				5765D2D82362C7970011881A /* SocketStream.swift */,
			);
			path = Network;
			sourceTree = "<group>";
		};
		57C724D72365810C00DD1BB0 /* SocketHandler */ = {
			isa = PBXGroup;
			children = (
				57C724D82365812100DD1BB0 /* SMTCPSocketStreams.h */,
				57C724D92365812D00DD1BB0 /* SMTCPSocketStreams.m */,
			);
			path = SocketHandler;
			sourceTree = "<group>";
		};
		57C724DB2365993B00DD1BB0 /* MulticastDelegate */ = {
			isa = PBXGroup;
			children = (
				57C724DC2365996F00DD1BB0 /* SMTCPMulticastDelegate.h */,
				57C724DD2365998200DD1BB0 /* SMTCPMulticastDelegate.m */,
			);
			path = MulticastDelegate;
			sourceTree = "<group>";
		};
		57C724DF2366A5A700DD1BB0 /* Cells */ = {
			isa = PBXGroup;
			children = (
				57C724E02366A5B000DD1BB0 /* MessageCell */,
			);
			path = Cells;
			sourceTree = "<group>";
		};
		57C724E02366A5B000DD1BB0 /* MessageCell */ = {
			isa = PBXGroup;
			children = (
				57C724E12366A5CA00DD1BB0 /* MessageCell.swift */,
				57C724E22366A5CA00DD1BB0 /* MessageCell.xib */,
			);
			path = MessageCell;
			sourceTree = "<group>";
		};
/* End PBXGroup section */

/* Begin PBXNativeTarget section */
		573B23D323647C6400F3C3A0 /* SocketMessageServer */ = {
			isa = PBXNativeTarget;
			buildConfigurationList = 573B23DA23647C6400F3C3A0 /* Build configuration list for PBXNativeTarget "SocketMessageServer" */;
			buildPhases = (
				573B23D023647C6400F3C3A0 /* Sources */,
				573B23D123647C6400F3C3A0 /* Frameworks */,
				573B23D223647C6400F3C3A0 /* CopyFiles */,
			);
			buildRules = (
			);
			dependencies = (
			);
			name = SocketMessageServer;
			productName = SocketMessageServer;
			productReference = 573B23D423647C6400F3C3A0 /* SocketMessageServer */;
			productType = "com.apple.product-type.tool";
		};
		5765D2BC2362C3890011881A /* SocketMessageClient */ = {
			isa = PBXNativeTarget;
			buildConfigurationList = 5765D2D12362C38D0011881A /* Build configuration list for PBXNativeTarget "SocketMessageClient" */;
			buildPhases = (
				5765D2B92362C3890011881A /* Sources */,
				5765D2BA2362C3890011881A /* Frameworks */,
				5765D2BB2362C3890011881A /* Resources */,
			);
			buildRules = (
			);
			dependencies = (
			);
			name = SocketMessageClient;
			productName = SocketMessageClient;
			productReference = 5765D2BD2362C3890011881A /* SocketMessageClient.app */;
			productType = "com.apple.product-type.application";
		};
/* End PBXNativeTarget section */

/* Begin PBXProject section */
		5765D2B52362C3890011881A /* Project object */ = {
			isa = PBXProject;
			attributes = {
				LastSwiftUpdateCheck = 1110;
				LastUpgradeCheck = 1110;
				ORGANIZATIONNAME = Victor;
				TargetAttributes = {
					573B23D323647C6400F3C3A0 = {
						CreatedOnToolsVersion = 11.1;
						LastSwiftMigration = 1110;
					};
					5765D2BC2362C3890011881A = {
						CreatedOnToolsVersion = 11.1;
					};
				};
			};
			buildConfigurationList = 5765D2B82362C3890011881A /* Build configuration list for PBXProject "SocketMessageClient" */;
			compatibilityVersion = "Xcode 9.3";
			developmentRegion = en;
			hasScannedForEncodings = 0;
			knownRegions = (
				en,
				Base,
			);
			mainGroup = 5765D2B42362C3890011881A;
			productRefGroup = 5765D2BE2362C3890011881A /* Products */;
			projectDirPath = "";
			projectRoot = "";
			targets = (
				5765D2BC2362C3890011881A /* SocketMessageClient */,
				573B23D323647C6400F3C3A0 /* SocketMessageServer */,
			);
		};
/* End PBXProject section */

/* Begin PBXResourcesBuildPhase section */
		5765D2BB2362C3890011881A /* Resources */ = {
			isa = PBXResourcesBuildPhase;
			buildActionMask = 2147483647;
			files = (
				5765D2CD2362C38D0011881A /* LaunchScreen.storyboard in Resources */,
				57C724E42366A5CA00DD1BB0 /* MessageCell.xib in Resources */,
				5765D2D62362C6540011881A /* MainController.xib in Resources */,
				5765D2CA2362C38D0011881A /* Assets.xcassets in Resources */,
			);
			runOnlyForDeploymentPostprocessing = 0;
		};
/* End PBXResourcesBuildPhase section */

/* Begin PBXSourcesBuildPhase section */
		573B23D023647C6400F3C3A0 /* Sources */ = {
			isa = PBXSourcesBuildPhase;
			buildActionMask = 2147483647;
			files = (
				570A076D23648E6200A9C26C /* SMTCPApplication.m in Sources */,
				57C724DE2365998200DD1BB0 /* SMTCPMulticastDelegate.m in Sources */,
				57C724DA2365812D00DD1BB0 /* SMTCPSocketStreams.m in Sources */,
				573B23D723647C6400F3C3A0 /* main.m in Sources */,
				573B23DF23647D0300F3C3A0 /* SMTCPServer.m in Sources */,
			);
			runOnlyForDeploymentPostprocessing = 0;
		};
		5765D2B92362C3890011881A /* Sources */ = {
			isa = PBXSourcesBuildPhase;
			buildActionMask = 2147483647;
			files = (
				5765D2C52362C3890011881A /* MainController.swift in Sources */,
				57C724E32366A5CA00DD1BB0 /* MessageCell.swift in Sources */,
				5765D2C12362C3890011881A /* AppDelegate.swift in Sources */,
				5765D2D92362C7970011881A /* SocketStream.swift in Sources */,
			);
			runOnlyForDeploymentPostprocessing = 0;
		};
/* End PBXSourcesBuildPhase section */

/* Begin PBXVariantGroup section */
		5765D2CB2362C38D0011881A /* LaunchScreen.storyboard */ = {
			isa = PBXVariantGroup;
			children = (
				5765D2CC2362C38D0011881A /* Base */,
			);
			name = LaunchScreen.storyboard;
			sourceTree = "<group>";
		};
/* End PBXVariantGroup section */

/* Begin XCBuildConfiguration section */
		573B23D823647C6400F3C3A0 /* Debug */ = {
			isa = XCBuildConfiguration;
			buildSettings = {
				CLANG_ENABLE_MODULES = NO;
				CODE_SIGN_STYLE = Automatic;
				DEVELOPMENT_TEAM = N28UYC6RTZ;
				ENABLE_HARDENED_RUNTIME = YES;
				LD_RUNPATH_SEARCH_PATHS = (
					"$(inherited)",
					"@executable_path/../Frameworks",
					"@loader_path/../Frameworks",
				);
				MACOSX_DEPLOYMENT_TARGET = 10.15;
				PRODUCT_NAME = "$(TARGET_NAME)";
				SDKROOT = macosx;
				SWIFT_OPTIMIZATION_LEVEL = "-Onone";
				SWIFT_VERSION = 5.0;
			};
			name = Debug;
		};
		573B23D923647C6400F3C3A0 /* Release */ = {
			isa = XCBuildConfiguration;
			buildSettings = {
				CLANG_ENABLE_MODULES = NO;
				CODE_SIGN_STYLE = Automatic;
				DEVELOPMENT_TEAM = N28UYC6RTZ;
				ENABLE_HARDENED_RUNTIME = YES;
				LD_RUNPATH_SEARCH_PATHS = (
					"$(inherited)",
					"@executable_path/../Frameworks",
					"@loader_path/../Frameworks",
				);
				MACOSX_DEPLOYMENT_TARGET = 10.15;
				PRODUCT_NAME = "$(TARGET_NAME)";
				SDKROOT = macosx;
				SWIFT_VERSION = 5.0;
			};
			name = Release;
		};
		5765D2CF2362C38D0011881A /* Debug */ = {
			isa = XCBuildConfiguration;
			buildSettings = {
				ALWAYS_SEARCH_USER_PATHS = NO;
				CLANG_ANALYZER_NONNULL = YES;
				CLANG_ANALYZER_NUMBER_OBJECT_CONVERSION = YES_AGGRESSIVE;
				CLANG_CXX_LANGUAGE_STANDARD = "gnu++14";
				CLANG_CXX_LIBRARY = "libc++";
				CLANG_ENABLE_MODULES = YES;
				CLANG_ENABLE_OBJC_ARC = YES;
				CLANG_ENABLE_OBJC_WEAK = YES;
				CLANG_WARN_BLOCK_CAPTURE_AUTORELEASING = YES;
				CLANG_WARN_BOOL_CONVERSION = YES;
				CLANG_WARN_COMMA = YES;
				CLANG_WARN_CONSTANT_CONVERSION = YES;
				CLANG_WARN_DEPRECATED_OBJC_IMPLEMENTATIONS = YES;
				CLANG_WARN_DIRECT_OBJC_ISA_USAGE = YES_ERROR;
				CLANG_WARN_DOCUMENTATION_COMMENTS = YES;
				CLANG_WARN_EMPTY_BODY = YES;
				CLANG_WARN_ENUM_CONVERSION = YES;
				CLANG_WARN_INFINITE_RECURSION = YES;
				CLANG_WARN_INT_CONVERSION = YES;
				CLANG_WARN_NON_LITERAL_NULL_CONVERSION = YES;
				CLANG_WARN_OBJC_IMPLICIT_RETAIN_SELF = YES;
				CLANG_WARN_OBJC_LITERAL_CONVERSION = YES;
				CLANG_WARN_OBJC_ROOT_CLASS = YES_ERROR;
				CLANG_WARN_RANGE_LOOP_ANALYSIS = YES;
				CLANG_WARN_STRICT_PROTOTYPES = YES;
				CLANG_WARN_SUSPICIOUS_MOVE = YES;
				CLANG_WARN_UNGUARDED_AVAILABILITY = YES_AGGRESSIVE;
				CLANG_WARN_UNREACHABLE_CODE = YES;
				CLANG_WARN__DUPLICATE_METHOD_MATCH = YES;
				COPY_PHASE_STRIP = NO;
				DEBUG_INFORMATION_FORMAT = dwarf;
				ENABLE_STRICT_OBJC_MSGSEND = YES;
				ENABLE_TESTABILITY = YES;
				GCC_C_LANGUAGE_STANDARD = gnu11;
				GCC_DYNAMIC_NO_PIC = NO;
				GCC_NO_COMMON_BLOCKS = YES;
				GCC_OPTIMIZATION_LEVEL = 0;
				GCC_PREPROCESSOR_DEFINITIONS = (
					"DEBUG=1",
					"$(inherited)",
				);
				GCC_WARN_64_TO_32_BIT_CONVERSION = YES;
				GCC_WARN_ABOUT_RETURN_TYPE = YES_ERROR;
				GCC_WARN_UNDECLARED_SELECTOR = YES;
				GCC_WARN_UNINITIALIZED_AUTOS = YES_AGGRESSIVE;
				GCC_WARN_UNUSED_FUNCTION = YES;
				GCC_WARN_UNUSED_VARIABLE = YES;
				IPHONEOS_DEPLOYMENT_TARGET = 13.1;
				MTL_ENABLE_DEBUG_INFO = INCLUDE_SOURCE;
				MTL_FAST_MATH = YES;
				ONLY_ACTIVE_ARCH = YES;
				SDKROOT = iphoneos;
				SWIFT_ACTIVE_COMPILATION_CONDITIONS = DEBUG;
				SWIFT_OPTIMIZATION_LEVEL = "-Onone";
			};
			name = Debug;
		};
		5765D2D02362C38D0011881A /* Release */ = {
			isa = XCBuildConfiguration;
			buildSettings = {
				ALWAYS_SEARCH_USER_PATHS = NO;
				CLANG_ANALYZER_NONNULL = YES;
				CLANG_ANALYZER_NUMBER_OBJECT_CONVERSION = YES_AGGRESSIVE;
				CLANG_CXX_LANGUAGE_STANDARD = "gnu++14";
				CLANG_CXX_LIBRARY = "libc++";
				CLANG_ENABLE_MODULES = YES;
				CLANG_ENABLE_OBJC_ARC = YES;
				CLANG_ENABLE_OBJC_WEAK = YES;
				CLANG_WARN_BLOCK_CAPTURE_AUTORELEASING = YES;
				CLANG_WARN_BOOL_CONVERSION = YES;
				CLANG_WARN_COMMA = YES;
				CLANG_WARN_CONSTANT_CONVERSION = YES;
				CLANG_WARN_DEPRECATED_OBJC_IMPLEMENTATIONS = YES;
				CLANG_WARN_DIRECT_OBJC_ISA_USAGE = YES_ERROR;
				CLANG_WARN_DOCUMENTATION_COMMENTS = YES;
				CLANG_WARN_EMPTY_BODY = YES;
				CLANG_WARN_ENUM_CONVERSION = YES;
				CLANG_WARN_INFINITE_RECURSION = YES;
				CLANG_WARN_INT_CONVERSION = YES;
				CLANG_WARN_NON_LITERAL_NULL_CONVERSION = YES;
				CLANG_WARN_OBJC_IMPLICIT_RETAIN_SELF = YES;
				CLANG_WARN_OBJC_LITERAL_CONVERSION = YES;
				CLANG_WARN_OBJC_ROOT_CLASS = YES_ERROR;
				CLANG_WARN_RANGE_LOOP_ANALYSIS = YES;
				CLANG_WARN_STRICT_PROTOTYPES = YES;
				CLANG_WARN_SUSPICIOUS_MOVE = YES;
				CLANG_WARN_UNGUARDED_AVAILABILITY = YES_AGGRESSIVE;
				CLANG_WARN_UNREACHABLE_CODE = YES;
				CLANG_WARN__DUPLICATE_METHOD_MATCH = YES;
				COPY_PHASE_STRIP = NO;
				DEBUG_INFORMATION_FORMAT = "dwarf-with-dsym";
				ENABLE_NS_ASSERTIONS = NO;
				ENABLE_STRICT_OBJC_MSGSEND = YES;
				GCC_C_LANGUAGE_STANDARD = gnu11;
				GCC_NO_COMMON_BLOCKS = YES;
				GCC_WARN_64_TO_32_BIT_CONVERSION = YES;
				GCC_WARN_ABOUT_RETURN_TYPE = YES_ERROR;
				GCC_WARN_UNDECLARED_SELECTOR = YES;
				GCC_WARN_UNINITIALIZED_AUTOS = YES_AGGRESSIVE;
				GCC_WARN_UNUSED_FUNCTION = YES;
				GCC_WARN_UNUSED_VARIABLE = YES;
				IPHONEOS_DEPLOYMENT_TARGET = 13.1;
				MTL_ENABLE_DEBUG_INFO = NO;
				MTL_FAST_MATH = YES;
				SDKROOT = iphoneos;
				SWIFT_COMPILATION_MODE = wholemodule;
				SWIFT_OPTIMIZATION_LEVEL = "-O";
				VALIDATE_PRODUCT = YES;
			};
			name = Release;
		};
		5765D2D22362C38D0011881A /* Debug */ = {
			isa = XCBuildConfiguration;
			buildSettings = {
				ASSETCATALOG_COMPILER_APPICON_NAME = AppIcon;
				CODE_SIGN_STYLE = Automatic;
				DEVELOPMENT_TEAM = N28UYC6RTZ;
				INFOPLIST_FILE = SocketMessageClient/Info.plist;
				IPHONEOS_DEPLOYMENT_TARGET = 11.0;
				LD_RUNPATH_SEARCH_PATHS = (
					"$(inherited)",
					"@executable_path/Frameworks",
				);
				PRODUCT_BUNDLE_IDENTIFIER = vsemenov.SocketMessageClient;
				PRODUCT_NAME = "$(TARGET_NAME)";
				SWIFT_VERSION = 5.0;
				TARGETED_DEVICE_FAMILY = "1,2";
			};
			name = Debug;
		};
		5765D2D32362C38D0011881A /* Release */ = {
			isa = XCBuildConfiguration;
			buildSettings = {
				ASSETCATALOG_COMPILER_APPICON_NAME = AppIcon;
				CODE_SIGN_STYLE = Automatic;
				DEVELOPMENT_TEAM = N28UYC6RTZ;
				INFOPLIST_FILE = SocketMessageClient/Info.plist;
				IPHONEOS_DEPLOYMENT_TARGET = 11.0;
				LD_RUNPATH_SEARCH_PATHS = (
					"$(inherited)",
					"@executable_path/Frameworks",
				);
				PRODUCT_BUNDLE_IDENTIFIER = vsemenov.SocketMessageClient;
				PRODUCT_NAME = "$(TARGET_NAME)";
				SWIFT_VERSION = 5.0;
				TARGETED_DEVICE_FAMILY = "1,2";
			};
			name = Release;
		};
/* End XCBuildConfiguration section */

/* Begin XCConfigurationList section */
		573B23DA23647C6400F3C3A0 /* Build configuration list for PBXNativeTarget "SocketMessageServer" */ = {
			isa = XCConfigurationList;
			buildConfigurations = (
				573B23D823647C6400F3C3A0 /* Debug */,
				573B23D923647C6400F3C3A0 /* Release */,
			);
			defaultConfigurationIsVisible = 0;
			defaultConfigurationName = Release;
		};
		5765D2B82362C3890011881A /* Build configuration list for PBXProject "SocketMessageClient" */ = {
			isa = XCConfigurationList;
			buildConfigurations = (
				5765D2CF2362C38D0011881A /* Debug */,
				5765D2D02362C38D0011881A /* Release */,
			);
			defaultConfigurationIsVisible = 0;
			defaultConfigurationName = Release;
		};
		5765D2D12362C38D0011881A /* Build configuration list for PBXNativeTarget "SocketMessageClient" */ = {
			isa = XCConfigurationList;
			buildConfigurations = (
				5765D2D22362C38D0011881A /* Debug */,
				5765D2D32362C38D0011881A /* Release */,
			);
			defaultConfigurationIsVisible = 0;
			defaultConfigurationName = Release;
		};
/* End XCConfigurationList section */
	};
	rootObject = 5765D2B52362C3890011881A /* Project object */;
}
